// !$*UTF8*$!
{
	archiveVersion = 1;
	classes = {
	};
	objectVersion = 46;
	objects = {

/* Begin PBXBuildFile section */
		2696C98D1ED7381E007C9719 /* AppDelegate.swift in Sources */ = {isa = PBXBuildFile; fileRef = 2696C98C1ED7381E007C9719 /* AppDelegate.swift */; };
		2696C98F1ED7381E007C9719 /* ViewController.swift in Sources */ = {isa = PBXBuildFile; fileRef = 2696C98E1ED7381E007C9719 /* ViewController.swift */; };
		2696C9921ED7381E007C9719 /* Main.storyboard in Resources */ = {isa = PBXBuildFile; fileRef = 2696C9901ED7381E007C9719 /* Main.storyboard */; };
		2696C9941ED7381E007C9719 /* Assets.xcassets in Resources */ = {isa = PBXBuildFile; fileRef = 2696C9931ED7381E007C9719 /* Assets.xcassets */; };
		2696C9971ED7381E007C9719 /* LaunchScreen.storyboard in Resources */ = {isa = PBXBuildFile; fileRef = 2696C9951ED7381E007C9719 /* LaunchScreen.storyboard */; };
		2696C99F1ED7384A007C9719 /* sendingViewController.swift in Sources */ = {isa = PBXBuildFile; fileRef = 2696C99E1ED7384A007C9719 /* sendingViewController.swift */; };
/* End PBXBuildFile section */

/* Begin PBXFileReference section */
		2696C9891ED7381E007C9719 /* protocalPractice.app */ = {isa = PBXFileReference; explicitFileType = wrapper.application; includeInIndex = 0; path = protocalPractice.app; sourceTree = BUILT_PRODUCTS_DIR; };
		2696C98C1ED7381E007C9719 /* AppDelegate.swift */ = {isa = PBXFileReference; lastKnownFileType = sourcecode.swift; path = AppDelegate.swift; sourceTree = "<group>"; };
		2696C98E1ED7381E007C9719 /* ViewController.swift */ = {isa = PBXFileReference; lastKnownFileType = sourcecode.swift; path = ViewController.swift; sourceTree = "<group>"; };
		2696C9911ED7381E007C9719 /* Base */ = {isa = PBXFileReference; lastKnownFileType = file.storyboard; name = Base; path = Base.lproj/Main.storyboard; sourceTree = "<group>"; };
		2696C9931ED7381E007C9719 /* Assets.xcassets */ = {isa = PBXFileReference; lastKnownFileType = folder.assetcatalog; path = Assets.xcassets; sourceTree = "<group>"; };
		2696C9961ED7381E007C9719 /* Base */ = {isa = PBXFileReference; lastKnownFileType = file.storyboard; name = Base; path = Base.lproj/LaunchScreen.storyboard; sourceTree = "<group>"; };
		2696C9981ED7381E007C9719 /* Info.plist */ = {isa = PBXFileReference; lastKnownFileType = text.plist.xml; path = Info.plist; sourceTree = "<group>"; };
		2696C99E1ED7384A007C9719 /* sendingViewController.swift */ = {isa = PBXFileReference; fileEncoding = 4; lastKnownFileType = sourcecode.swift; path = sendingViewController.swift; sourceTree = "<group>"; };
/* End PBXFileReference section */

/* Begin PBXFrameworksBuildPhase section */
		2696C9861ED7381E007C9719 /* Frameworks */ = {
			isa = PBXFrameworksBuildPhase;
			buildActionMask = 2147483647;
			files = (
			);
			runOnlyForDeploymentPostprocessing = 0;
		};
/* End PBXFrameworksBuildPhase section */

/* Begin PBXGroup section */
		2696C9801ED7381E007C9719 = {
			isa = PBXGroup;
			children = (
				2696C98B1ED7381E007C9719 /* protocalPractice */,
				2696C98A1ED7381E007C9719 /* Products */,
			);
			sourceTree = "<group>";
		};
		2696C98A1ED7381E007C9719 /* Products */ = {
			isa = PBXGroup;
			children = (
				2696C9891ED7381E007C9719 /* protocalPractice.app */,
			);
			name = Products;
			sourceTree = "<group>";
		};
		2696C98B1ED7381E007C9719 /* protocalPractice */ = {
			isa = PBXGroup;
			children = (
				2696C98C1ED7381E007C9719 /* AppDelegate.swift */,
				2696C98E1ED7381E007C9719 /* ViewController.swift */,
				2696C9901ED7381E007C9719 /* Main.storyboard */,
				2696C9931ED7381E007C9719 /* Assets.xcassets */,
				2696C9951ED7381E007C9719 /* LaunchScreen.storyboard */,
				2696C9981ED7381E007C9719 /* Info.plist */,
				2696C99E1ED7384A007C9719 /* sendingViewController.swift */,
			);
			path = protocalPractice;
			sourceTree = "<group>";
		};
/* End PBXGroup section */

/* Begin PBXNativeTarget section */
		2696C9881ED7381E007C9719 /* protocalPractice */ = {
			isa = PBXNativeTarget;
			buildConfigurationList = 2696C99B1ED7381E007C9719 /* Build configuration list for PBXNativeTarget "protocalPractice" */;
			buildPhases = (
				2696C9851ED7381E007C9719 /* Sources */,
				2696C9861ED7381E007C9719 /* Frameworks */,
				2696C9871ED7381E007C9719 /* Resources */,
			);
			buildRules = (
			);
			dependencies = (
			);
			name = protocalPractice;
			productName = protocalPractice;
			productReference = 2696C9891ED7381E007C9719 /* protocalPractice.app */;
			productType = "com.apple.product-type.application";
		};
/* End PBXNativeTarget section */

/* Begin PBXProject section */
		2696C9811ED7381E007C9719 /* Project object */ = {
			isa = PBXProject;
			attributes = {
				LastSwiftUpdateCheck = 0830;
				LastUpgradeCheck = 0830;
				ORGANIZATIONNAME = CodeMonkey;
				TargetAttributes = {
					2696C9881ED7381E007C9719 = {
						CreatedOnToolsVersion = 8.3.2;
						DevelopmentTeam = UKTL25U66K;
						ProvisioningStyle = Automatic;
					};
				};
			};
			buildConfigurationList = 2696C9841ED7381E007C9719 /* Build configuration list for PBXProject "protocalPractice" */;
			compatibilityVersion = "Xcode 3.2";
			developmentRegion = English;
			hasScannedForEncodings = 0;
			knownRegions = (
				en,
				Base,
			);
			mainGroup = 2696C9801ED7381E007C9719;
			productRefGroup = 2696C98A1ED7381E007C9719 /* Products */;
			projectDirPath = "";
			projectRoot = "";
			targets = (
				2696C9881ED7381E007C9719 /* protocalPractice */,
			);
		};
/* End PBXProject section */

/* Begin PBXResourcesBuildPhase section */
		2696C9871ED7381E007C9719 /* Resources */ = {
			isa = PBXResourcesBuildPhase;
			buildActionMask = 2147483647;
			files = (
				2696C9971ED7381E007C9719 /* LaunchScreen.storyboard in Resources */,
				2696C9941ED7381E007C9719 /* Assets.xcassets in Resources */,
				2696C9921ED7381E007C9719 /* Main.storyboard in Resources */,
			);
			runOnlyForDeploymentPostprocessing = 0;
		};
/* End PBXResourcesBuildPhase section */

/* Begin PBXSourcesBuildPhase section */
		2696C9851ED7381E007C9719 /* Sources */ = {
			isa = PBXSourcesBuildPhase;
			buildActionMask = 2147483647;
			files = (
				2696C98F1ED7381E007C9719 /* ViewController.swift in Sources */,
				2696C98D1ED7381E007C9719 /* AppDelegate.swift in Sources */,
				2696C99F1ED7384A007C9719 /* sendingViewController.swift in Sources */,
			);
			runOnlyForDeploymentPostprocessing = 0;
		};
/* End PBXSourcesBuildPhase section */

/* Begin PBXVariantGroup section */
		2696C9901ED7381E007C9719 /* Main.storyboard */ = {
			isa = PBXVariantGroup;
			children = (
				2696C9911ED7381E007C9719 /* Base */,
			);
			name = Main.storyboard;
			sourceTree = "<group>";
		};
		2696C9951ED7381E007C9719 /* LaunchScreen.storyboard */ = {
			isa = PBXVariantGroup;
			children = (
				2696C9961ED7381E007C9719 /* Base */,
			);
			name = LaunchScreen.storyboard;
			sourceTree = "<group>";
		};
/* End PBXVariantGroup section */

/* Begin XCBuildConfiguration section */
		2696C9991ED7381E007C9719 /* Debug */ = {
			isa = XCBuildConfiguration;
			buildSettings = {
				ALWAYS_SEARCH_USER_PATHS = NO;
				CLANG_ANALYZER_NONNULL = YES;
				CLANG_ANALYZER_NUMBER_OBJECT_CONVERSION = YES_AGGRESSIVE;
				CLANG_CXX_LANGUAGE_STANDARD = "gnu++0x";
				CLANG_CXX_LIBRARY = "libc++";
				CLANG_ENABLE_MODULES = YES;
				CLANG_ENABLE_OBJC_ARC = YES;
				CLANG_WARN_BOOL_CONVERSION = YES;
				CLANG_WARN_CONSTANT_CONVERSION = YES;
				CLANG_WARN_DIRECT_OBJC_ISA_USAGE = YES_ERROR;
				CLANG_WARN_DOCUMENTATION_COMMENTS = YES;
				CLANG_WARN_EMPTY_BODY = YES;
				CLANG_WARN_ENUM_CONVERSION = YES;
				CLANG_WARN_INFINITE_RECURSION = YES;
				CLANG_WARN_INT_CONVERSION = YES;
				CLANG_WARN_OBJC_ROOT_CLASS = YES_ERROR;
				CLANG_WARN_SUSPICIOUS_MOVE = YES;
				CLANG_WARN_UNREACHABLE_CODE = YES;
				CLANG_WARN__DUPLICATE_METHOD_MATCH = YES;
				"CODE_SIGN_IDENTITY[sdk=iphoneos*]" = "iPhone Developer";
				COPY_PHASE_STRIP = NO;
				DEBUG_INFORMATION_FORMAT = dwarf;
				ENABLE_STRICT_OBJC_MSGSEND = YES;
				ENABLE_TESTABILITY = YES;
				GCC_C_LANGUAGE_STANDARD = gnu99;
				GCC_DYNAMIC_NO_PIC = NO;
				GCC_NO_COMMON_BLOCKS = YES;
				GCC_OPTIMIZATION_LEVEL = 0;
				GCC_PREPROCESSOR_DEFINITIONS = (
					"DEBUG=1",
					"$(inherited)",
				);
				GCC_WARN_64_TO_32_BIT_CONVERSION = YES;
				GCC_WARN_ABOUT_RETURN_TYPE = YES_ERROR;
				GCC_WARN_UNDECLARED_SELECTOR = YES;
				GCC_WARN_UNINITIALIZED_AUTOS = YES_AGGRESSIVE;
				GCC_WARN_UNUSED_FUNCTION = YES;
				GCC_WARN_UNUSED_VARIABLE = YES;
				IPHONEOS_DEPLOYMENT_TARGET = 10.3;
				MTL_ENABLE_DEBUG_INFO = YES;
				ONLY_ACTIVE_ARCH = YES;
				SDKROOT = iphoneos;
				SWIFT_ACTIVE_COMPILATION_CONDITIONS = DEBUG;
				SWIFT_OPTIMIZATION_LEVEL = "-Onone";
			};
			name = Debug;
		};
		2696C99A1ED7381E007C9719 /* Release */ = {
			isa = XCBuildConfiguration;
			buildSettings = {
				ALWAYS_SEARCH_USER_PATHS = NO;
				CLANG_ANALYZER_NONNULL = YES;
				CLANG_ANALYZER_NUMBER_OBJECT_CONVERSION = YES_AGGRESSIVE;
				CLANG_CXX_LANGUAGE_STANDARD = "gnu++0x";
				CLANG_CXX_LIBRARY = "libc++";
				CLANG_ENABLE_MODULES = YES;
				CLANG_ENABLE_OBJC_ARC = YES;
				CLANG_WARN_BOOL_CONVERSION = YES;
				CLANG_WARN_CONSTANT_CONVERSION = YES;
				CLANG_WARN_DIRECT_OBJC_ISA_USAGE = YES_ERROR;
				CLANG_WARN_DOCUMENTATION_COMMENTS = YES;
				CLANG_WARN_EMPTY_BODY = YES;
				CLANG_WARN_ENUM_CONVERSION = YES;
				CLANG_WARN_INFINITE_RECURSION = YES;
				CLANG_WARN_INT_CONVERSION = YES;
				CLANG_WARN_OBJC_ROOT_CLASS = YES_ERROR;
				CLANG_WARN_SUSPICIOUS_MOVE = YES;
				CLANG_WARN_UNREACHABLE_CODE = YES;
				CLANG_WARN__DUPLICATE_METHOD_MATCH = YES;
				"CODE_SIGN_IDENTITY[sdk=iphoneos*]" = "iPhone Developer";
				COPY_PHASE_STRIP = NO;
				DEBUG_INFORMATION_FORMAT = "dwarf-with-dsym";
				ENABLE_NS_ASSERTIONS = NO;
				ENABLE_STRICT_OBJC_MSGSEND = YES;
				GCC_C_LANGUAGE_STANDARD = gnu99;
				GCC_NO_COMMON_BLOCKS = YES;
				GCC_WARN_64_TO_32_BIT_CONVERSION = YES;
				GCC_WARN_ABOUT_RETURN_TYPE = YES_ERROR;
				GCC_WARN_UNDECLARED_SELECTOR = YES;
				GCC_WARN_UNINITIALIZED_AUTOS = YES_AGGRESSIVE;
				GCC_WARN_UNUSED_FUNCTION = YES;
				GCC_WARN_UNUSED_VARIABLE = YES;
				IPHONEOS_DEPLOYMENT_TARGET = 10.3;
				MTL_ENABLE_DEBUG_INFO = NO;
				SDKROOT = iphoneos;
				SWIFT_OPTIMIZATION_LEVEL = "-Owholemodule";
				VALIDATE_PRODUCT = YES;
			};
			name = Release;
		};
		2696C99C1ED7381E007C9719 /* Debug */ = {
			isa = XCBuildConfiguration;
			buildSettings = {
				ASSETCATALOG_COMPILER_APPICON_NAME = AppIcon;
				DEVELOPMENT_TEAM = UKTL25U66K;
				INFOPLIST_FILE = protocalPractice/Info.plist;
				LD_RUNPATH_SEARCH_PATHS = "$(inherited) @executable_path/Frameworks";
				PRODUCT_BUNDLE_IDENTIFIER = com.digdough.protocalPractice;
				PRODUCT_NAME = "$(TARGET_NAME)";
				SWIFT_VERSION = 3.0;
			};
			name = Debug;
		};
		2696C99D1ED7381E007C9719 /* Release */ = {
			isa = XCBuildConfiguration;
			buildSettings = {
				ASSETCATALOG_COMPILER_APPICON_NAME = AppIcon;
				DEVELOPMENT_TEAM = UKTL25U66K;
				INFOPLIST_FILE = protocalPractice/Info.plist;
				LD_RUNPATH_SEARCH_PATHS = "$(inherited) @executable_path/Frameworks";
				PRODUCT_BUNDLE_IDENTIFIER = com.digdough.protocalPractice;
				PRODUCT_NAME = "$(TARGET_NAME)";
				SWIFT_VERSION = 3.0;
			};
			name = Release;
		};
/* End XCBuildConfiguration section */

/* Begin XCConfigurationList section */
		2696C9841ED7381E007C9719 /* Build configuration list for PBXProject "protocalPractice" */ = {
			isa = XCConfigurationList;
			buildConfigurations = (
				2696C9991ED7381E007C9719 /* Debug */,
				2696C99A1ED7381E007C9719 /* Release */,
			);
			defaultConfigurationIsVisible = 0;
			defaultConfigurationName = Release;
		};
		2696C99B1ED7381E007C9719 /* Build configuration list for PBXNativeTarget "protocalPractice" */ = {
			isa = XCConfigurationList;
			buildConfigurations = (
				2696C99C1ED7381E007C9719 /* Debug */,
				2696C99D1ED7381E007C9719 /* Release */,
			);
			defaultConfigurationIsVisible = 0;
		};
/* End XCConfigurationList section */
	};
	rootObject = 2696C9811ED7381E007C9719 /* Project object */;
}
